{
  "nodes": {
    "cuda-packages": {
      "inputs": {
        "flake-parts": "flake-parts",
        "git-hooks-nix": "git-hooks-nix",
        "nixpkgs": "nixpkgs",
        "nixpkgs-24_11": "nixpkgs-24_11",
        "treefmt-nix": "treefmt-nix"
      },
      "locked": {
        "lastModified": 1737170324,
        "narHash": "sha256-KpwPhoutwcunrOi+B8R9Sf3FPrubOMdcsu3FgRMMA98=",
        "owner": "ConnorBaker",
        "repo": "cuda-packages",
        "rev": "5a4288dfd080a91100ad2b25a0761a6ff29d6bb1",
        "type": "github"
      },
      "original": {
        "owner": "ConnorBaker",
        "repo": "cuda-packages",
        "type": "github"
      }
    },
    "flake-compat": {
      "flake": false,
      "locked": {
        "lastModified": 1696426674,
        "narHash": "sha256-kvjfFW7WAETZlt09AgDn1MrtKzP7t90Vf7vypd3OL1U=",
        "owner": "edolstra",
        "repo": "flake-compat",
        "rev": "0f9255e01c2351cc7d116c072cb317785dd33b33",
        "type": "github"
      },
      "original": {
        "owner": "edolstra",
        "repo": "flake-compat",
        "type": "github"
      }
    },
    "flake-parts": {
      "inputs": {
        "nixpkgs-lib": [
          "cuda-packages",
          "nixpkgs"
        ]
      },
      "locked": {
        "lastModified": 1736143030,
        "narHash": "sha256-+hu54pAoLDEZT9pjHlqL9DNzWz0NbUn8NEAHP7PQPzU=",
        "owner": "hercules-ci",
        "repo": "flake-parts",
        "rev": "b905f6fc23a9051a6e1b741e1438dbfc0634c6de",
        "type": "github"
      },
      "original": {
        "owner": "hercules-ci",
        "repo": "flake-parts",
        "type": "github"
      }
    },
    "git-hooks-nix": {
      "inputs": {
        "flake-compat": "flake-compat",
        "gitignore": "gitignore",
        "nixpkgs": [
          "cuda-packages",
          "nixpkgs"
        ]
      },
      "locked": {
        "lastModified": 1735882644,
        "narHash": "sha256-3FZAG+pGt3OElQjesCAWeMkQ7C/nB1oTHLRQ8ceP110=",
        "owner": "cachix",
        "repo": "git-hooks.nix",
        "rev": "a5a961387e75ae44cc20f0a57ae463da5e959656",
        "type": "github"
      },
      "original": {
        "owner": "cachix",
        "repo": "git-hooks.nix",
        "type": "github"
      }
    },
    "gitignore": {
      "inputs": {
        "nixpkgs": [
          "cuda-packages",
          "git-hooks-nix",
          "nixpkgs"
        ]
      },
      "locked": {
        "lastModified": 1709087332,
        "narHash": "sha256-HG2cCnktfHsKV0s4XW83gU3F57gaTljL9KNSuG6bnQs=",
        "owner": "hercules-ci",
        "repo": "gitignore.nix",
        "rev": "637db329424fd7e46cf4185293b9cc8c88c95394",
        "type": "github"
      },
      "original": {
        "owner": "hercules-ci",
        "repo": "gitignore.nix",
        "type": "github"
      }
    },
    "nixpkgs": {
      "locked": {
        "lastModified": 1736989706,
        "narHash": "sha256-2PUB1XHBrf43moLB6FkpfBKQNiZ26U/vVuBjvVQB7Xw=",
        "owner": "NixOS",
        "repo": "nixpkgs",
        "rev": "3bb59d1579a26909a241169c7216f40ed47b3db9",
        "type": "github"
      },
      "original": {
        "owner": "NixOS",
        "repo": "nixpkgs",
        "type": "github"
      }
    },
    "nixpkgs-24_11": {
      "locked": {
        "lastModified": 1736974458,
        "narHash": "sha256-T6M2uCN8m58ySbRmR1hAoKlmLCyrwmWqQFYWYdungiY=",
        "owner": "NixOS",
        "repo": "nixpkgs",
        "rev": "c4bb81edb3cc9481ca2206fad798a0886bbfe96f",
        "type": "github"
      },
      "original": {
        "owner": "NixOS",
        "ref": "release-24.11",
        "repo": "nixpkgs",
        "type": "github"
      }
    },
    "root": {
      "inputs": {
        "cuda-packages": "cuda-packages",
        "flake-parts": [
          "cuda-packages",
          "flake-parts"
        ],
        "git-hooks-nix": [
          "cuda-packages",
          "git-hooks-nix"
        ],
        "nixpkgs": [
          "cuda-packages",
          "nixpkgs"
        ],
        "treefmt-nix": [
          "cuda-packages",
          "treefmt-nix"
        ]
      }
    },
    "treefmt-nix": {
      "inputs": {
        "nixpkgs": [
          "cuda-packages",
          "nixpkgs"
        ]
      },
      "locked": {
        "lastModified": 1736154270,
        "narHash": "sha256-p2r8xhQZ3TYIEKBoiEhllKWQqWNJNoT9v64Vmg4q8Zw=",
        "owner": "numtide",
        "repo": "treefmt-nix",
        "rev": "13c913f5deb3a5c08bb810efd89dc8cb24dd968b",
        "type": "github"
      },
      "original": {
        "owner": "numtide",
        "repo": "treefmt-nix",
        "type": "github"
      }
    }
  },
  "root": "root",
  "version": 7
}
